
Microsoft Visual Studio Solution File, Format Version 12.00
# Visual Studio Version 17
VisualStudioVersion = 17.9.34714.143
MinimumVisualStudioVersion = 10.0.40219.1
Project("{9A19103F-16F7-4668-BE54-9A1E7A4F7556}") = "MiBancaEnLineaAPI", "WebApplication2\MiBancaEnLineaAPI.csproj", "{428D7879-6F7A-4678-9563-3301D35645CB}"
EndProject
Project("{FAE04EC0-301F-11D3-BF4B-00C04F79EFBC}") = "MiBancaEnLineaAPITest", "MiBancaEnLineaAPITest\MiBancaEnLineaAPITest.csproj", "{FE39502D-8ABD-4B70-A16D-DB55D0A02856}"
EndProject
Global
	GlobalSection(SolutionConfigurationPlatforms) = preSolution
		Debug|Any CPU = Debug|Any CPU
		Release|Any CPU = Release|Any CPU
	EndGlobalSection
	GlobalSection(ProjectConfigurationPlatforms) = postSolution
		{428D7879-6F7A-4678-9563-3301D35645CB}.Debug|Any CPU.ActiveCfg = Debug|Any CPU
		{428D7879-6F7A-4678-9563-3301D35645CB}.Debug|Any CPU.Build.0 = Debug|Any CPU
		{428D7879-6F7A-4678-9563-3301D35645CB}.Release|Any CPU.ActiveCfg = Release|Any CPU
		{428D7879-6F7A-4678-9563-3301D35645CB}.Release|Any CPU.Build.0 = Release|Any CPU
		{FE39502D-8ABD-4B70-A16D-DB55D0A02856}.Debug|Any CPU.ActiveCfg = Debug|Any CPU
		{FE39502D-8ABD-4B70-A16D-DB55D0A02856}.Debug|Any CPU.Build.0 = Debug|Any CPU
		{FE39502D-8ABD-4B70-A16D-DB55D0A02856}.Release|Any CPU.ActiveCfg = Release|Any CPU
		{FE39502D-8ABD-4B70-A16D-DB55D0A02856}.Release|Any CPU.Build.0 = Release|Any CPU
	EndGlobalSection
	GlobalSection(SolutionProperties) = preSolution
		HideSolutionNode = FALSE
	EndGlobalSection
	GlobalSection(ExtensibilityGlobals) = postSolution
		SolutionGuid = {2B5B1A7A-FB44-4E9C-B307-19D8ED5332D3}
	EndGlobalSection
EndGlobal
